[root]
name = "burning-sanders"
version = "0.1.0"
dependencies = [
 "libc 0.2.22 (registry+https://github.com/rust-lang/crates.io-index)",
 "pancurses 0.8.0 (registry+https://github.com/rust-lang/crates.io-index)",
]

[[package]]
name = "gcc"
version = "0.3.46"
source = "registry+https://github.com/rust-lang/crates.io-index"

[[package]]
name = "libc"
version = "0.2.22"
source = "registry+https://github.com/rust-lang/crates.io-index"

[[package]]
name = "log"
version = "0.3.7"
source = "registry+https://github.com/rust-lang/crates.io-index"

[[package]]
name = "ncurses"
version = "5.85.0"
source = "registry+https://github.com/rust-lang/crates.io-index"
dependencies = [
 "gcc 0.3.46 (registry+https://github.com/rust-lang/crates.io-index)",
 "libc 0.2.22 (registry+https://github.com/rust-lang/crates.io-index)",
]

[[package]]
name = "pancurses"
version = "0.8.0"
source = "registry+https://github.com/rust-lang/crates.io-index"
dependencies = [
 "libc 0.2.22 (registry+https://github.com/rust-lang/crates.io-index)",
 "log 0.3.7 (registry+https://github.com/rust-lang/crates.io-index)",
 "ncurses 5.85.0 (registry+https://github.com/rust-lang/crates.io-index)",
 "pdcurses-sys 0.4.0 (registry+https://github.com/rust-lang/crates.io-index)",
]

[[package]]
name = "pdcurses-sys"
version = "0.4.0"
source = "registry+https://github.com/rust-lang/crates.io-index"
dependencies = [
 "gcc 0.3.46 (registry+https://github.com/rust-lang/crates.io-index)",
 "libc 0.2.22 (registry+https://github.com/rust-lang/crates.io-index)",
]

[metadata]
"checksum gcc 0.3.46 (registry+https://github.com/rust-lang/crates.io-index)" = "181e3cebba1d663bd92eb90e2da787e10597e027eb00de8d742b260a7850948f"
"checksum libc 0.2.22 (registry+https://github.com/rust-lang/crates.io-index)" = "babb8281da88cba992fa1f4ddec7d63ed96280a1a53ec9b919fd37b53d71e502"
"checksum log 0.3.7 (registry+https://github.com/rust-lang/crates.io-index)" = "5141eca02775a762cc6cd564d8d2c50f67c0ea3a372cbf1c51592b3e029e10ad"
"checksum ncurses 5.85.0 (registry+https://github.com/rust-lang/crates.io-index)" = "21f71f0e1ae96558612b1e9d188ec4f23149a11ee4fb4b96e130523bea52d605"
"checksum pancurses 0.8.0 (registry+https://github.com/rust-lang/crates.io-index)" = "f88b65d6c3270b130a648d46d7de9d135516710619795a3c8b912bf1785f229e"
"checksum pdcurses-sys 0.4.0 (registry+https://github.com/rust-lang/crates.io-index)" = "fc2afa9ac25ddaa04ce736b1525bff865beaf219bb2bb86a5b3354f34a5173b1"
